
Microsoft Visual Studio Solution File, Format Version 12.00
# Visual Studio 2017
Project("{FAE04EC0-301F-11D3-BF4B-00C04F79EFBC}") = "COMP305-F2017-Lab4", "COMP305-F2017-Lab4.csproj", "{30795044-5574-CE21-87CF-C1F87726CCAF}"
EndProject
Global
	GlobalSection(SolutionConfigurationPlatforms) = preSolution
		Debug|Any CPU = Debug|Any CPU
		Release|Any CPU = Release|Any CPU
	EndGlobalSection
	GlobalSection(ProjectConfigurationPlatforms) = postSolution
		{30795044-5574-CE21-87CF-C1F87726CCAF}.Debug|Any CPU.ActiveCfg = Debug|Any CPU
		{30795044-5574-CE21-87CF-C1F87726CCAF}.Debug|Any CPU.Build.0 = Debug|Any CPU
		{30795044-5574-CE21-87CF-C1F87726CCAF}.Release|Any CPU.ActiveCfg = Release|Any CPU
		{30795044-5574-CE21-87CF-C1F87726CCAF}.Release|Any CPU.Build.0 = Release|Any CPU
	EndGlobalSection
	GlobalSection(SolutionProperties) = preSolution
		HideSolutionNode = FALSE
	EndGlobalSection
EndGlobal
